Microsoft Visual Studio Solution File, Format Version 12.00
# Visual Studio Version 17
VisualStudioVersion = 17.5.2.0
MinimumVisualStudioVersion = 10.0.40219.1
Project("{2150E333-8FDC-42A3-9474-1A3956D46DE8}") = "src", "src", "{827E0CD3-B72D-47B6-A68D-7590B98EB39B}"
EndProject
Project("{2150E333-8FDC-42A3-9474-1A3956D46DE8}") = "tests", "tests", "{0AB3BF05-4346-4AA6-1389-037BE0695223}"
EndProject
Project("{FAE04EC0-301F-11D3-BF4B-00C04F79EFBC}") = "FraudEngine.Api", "src\FraudEngine.Api\FraudEngine.Api.csproj", "{630091C3-08AA-8420-4800-5B59EDEF0C04}"
EndProject
Project("{FAE04EC0-301F-11D3-BF4B-00C04F79EFBC}") = "FraudEngine.Core", "src\FraudEngine.Core\FraudEngine.Core.csproj", "{9E55E21B-1AEF-9EF5-CEF1-B3F0D655A489}"
EndProject
Project("{FAE04EC0-301F-11D3-BF4B-00C04F79EFBC}") = "FraudEngine.Infrastructure", "src\FraudEngine.Infrastructure\FraudEngine.Infrastructure.csproj", "{D5B94C72-AF71-399D-513B-78380981C29E}"
EndProject
Project("{FAE04EC0-301F-11D3-BF4B-00C04F79EFBC}") = "FraudEngine.Tests", "tests\FraudEngine.Tests\FraudEngine.Tests.csproj", "{B14AC69B-7011-C943-B39F-A3416D3CA695}"
EndProject
Global
	GlobalSection(SolutionConfigurationPlatforms) = preSolution
		Debug|Any CPU = Debug|Any CPU
		Release|Any CPU = Release|Any CPU
	EndGlobalSection
	GlobalSection(ProjectConfigurationPlatforms) = postSolution
		{630091C3-08AA-8420-4800-5B59EDEF0C04}.Debug|Any CPU.ActiveCfg = Debug|Any CPU
		{630091C3-08AA-8420-4800-5B59EDEF0C04}.Debug|Any CPU.Build.0 = Debug|Any CPU
		{630091C3-08AA-8420-4800-5B59EDEF0C04}.Release|Any CPU.ActiveCfg = Release|Any CPU
		{630091C3-08AA-8420-4800-5B59EDEF0C04}.Release|Any CPU.Build.0 = Release|Any CPU
		{9E55E21B-1AEF-9EF5-CEF1-B3F0D655A489}.Debug|Any CPU.ActiveCfg = Debug|Any CPU
		{9E55E21B-1AEF-9EF5-CEF1-B3F0D655A489}.Debug|Any CPU.Build.0 = Debug|Any CPU
		{9E55E21B-1AEF-9EF5-CEF1-B3F0D655A489}.Release|Any CPU.ActiveCfg = Release|Any CPU
		{9E55E21B-1AEF-9EF5-CEF1-B3F0D655A489}.Release|Any CPU.Build.0 = Release|Any CPU
		{D5B94C72-AF71-399D-513B-78380981C29E}.Debug|Any CPU.ActiveCfg = Debug|Any CPU
		{D5B94C72-AF71-399D-513B-78380981C29E}.Debug|Any CPU.Build.0 = Debug|Any CPU
		{D5B94C72-AF71-399D-513B-78380981C29E}.Release|Any CPU.ActiveCfg = Release|Any CPU
		{D5B94C72-AF71-399D-513B-78380981C29E}.Release|Any CPU.Build.0 = Release|Any CPU
		{B14AC69B-7011-C943-B39F-A3416D3CA695}.Debug|Any CPU.ActiveCfg = Debug|Any CPU
		{B14AC69B-7011-C943-B39F-A3416D3CA695}.Debug|Any CPU.Build.0 = Debug|Any CPU
		{B14AC69B-7011-C943-B39F-A3416D3CA695}.Release|Any CPU.ActiveCfg = Release|Any CPU
		{B14AC69B-7011-C943-B39F-A3416D3CA695}.Release|Any CPU.Build.0 = Release|Any CPU
	EndGlobalSection
	GlobalSection(SolutionProperties) = preSolution
		HideSolutionNode = FALSE
	EndGlobalSection
	GlobalSection(NestedProjects) = preSolution
		{630091C3-08AA-8420-4800-5B59EDEF0C04} = {827E0CD3-B72D-47B6-A68D-7590B98EB39B}
		{9E55E21B-1AEF-9EF5-CEF1-B3F0D655A489} = {827E0CD3-B72D-47B6-A68D-7590B98EB39B}
		{D5B94C72-AF71-399D-513B-78380981C29E} = {827E0CD3-B72D-47B6-A68D-7590B98EB39B}
		{B14AC69B-7011-C943-B39F-A3416D3CA695} = {0AB3BF05-4346-4AA6-1389-037BE0695223}
	EndGlobalSection
	GlobalSection(ExtensibilityGlobals) = postSolution
		SolutionGuid = {6D936115-EF18-4A06-ABDC-4A28769EEE16}
	EndGlobalSection
EndGlobal
